version = 1
revision = 1
requires-python = "==3.11.*"
resolution-markers = [
    "sys_platform == 'darwin'",
    "platform_machine == 'aarch64' and sys_platform == 'linux'",
    "(platform_machine != 'aarch64' and sys_platform == 'linux') or (sys_platform != 'darwin' and sys_platform != 'linux')",
]

[[package]]
name = "certifi"
version = "2025.4.26"
source = { registry = "https://pypi.org/simple" }
sdist = { url = "https://files.pythonhosted.org/packages/e8/9e/c05b3920a3b7d20d3d3310465f50348e5b3694f4f88c6daf736eef3024c4/certifi-2025.4.26.tar.gz", hash = "sha256:0a816057ea3cdefcef70270d2c515e4506bbc954f417fa5ade2021213bb8f0c6", size = 160705 }
wheels = [
    { url = "https://files.pythonhosted.org/packages/4a/7e/3db2bd1b1f9e95f7cddca6d6e75e2f2bd9f51b1246e546d88addca0106bd/certifi-2025.4.26-py3-none-any.whl", hash = "sha256:30350364dfe371162649852c63336a15c70c6510c2ad5015b21c2345311805f3", size = 159618 },
]

[[package]]
name = "charset-normalizer"
version = "3.4.2"
source = { registry = "https://pypi.org/simple" }
sdist = { url = "https://files.pythonhosted.org/packages/e4/33/89c2ced2b67d1c2a61c19c6751aa8902d46ce3dacb23600a283619f5a12d/charset_normalizer-3.4.2.tar.gz", hash = "sha256:5baececa9ecba31eff645232d59845c07aa030f0c81ee70184a90d35099a0e63", size = 126367 }
wheels = [
    { url = "https://files.pythonhosted.org/packages/05/85/4c40d00dcc6284a1c1ad5de5e0996b06f39d8232f1031cd23c2f5c07ee86/charset_normalizer-3.4.2-cp311-cp311-macosx_10_9_universal2.whl", hash = "sha256:be1e352acbe3c78727a16a455126d9ff83ea2dfdcbc83148d2982305a04714c2", size = 198794 },
    { url = "https://files.pythonhosted.org/packages/41/d9/7a6c0b9db952598e97e93cbdfcb91bacd89b9b88c7c983250a77c008703c/charset_normalizer-3.4.2-cp311-cp311-manylinux_2_17_aarch64.manylinux2014_aarch64.whl", hash = "sha256:aa88ca0b1932e93f2d961bf3addbb2db902198dca337d88c89e1559e066e7645", size = 142846 },
    { url = "https://files.pythonhosted.org/packages/66/82/a37989cda2ace7e37f36c1a8ed16c58cf48965a79c2142713244bf945c89/charset_normalizer-3.4.2-cp311-cp311-manylinux_2_17_ppc64le.manylinux2014_ppc64le.whl", hash = "sha256:d524ba3f1581b35c03cb42beebab4a13e6cdad7b36246bd22541fa585a56cccd", size = 153350 },
    { url = "https://files.pythonhosted.org/packages/df/68/a576b31b694d07b53807269d05ec3f6f1093e9545e8607121995ba7a8313/charset_normalizer-3.4.2-cp311-cp311-manylinux_2_17_s390x.manylinux2014_s390x.whl", hash = "sha256:28a1005facc94196e1fb3e82a3d442a9d9110b8434fc1ded7a24a2983c9888d8", size = 145657 },
    { url = "https://files.pythonhosted.org/packages/92/9b/ad67f03d74554bed3aefd56fe836e1623a50780f7c998d00ca128924a499/charset_normalizer-3.4.2-cp311-cp311-manylinux_2_17_x86_64.manylinux2014_x86_64.whl", hash = "sha256:fdb20a30fe1175ecabed17cbf7812f7b804b8a315a25f24678bcdf120a90077f", size = 147260 },
    { url = "https://files.pythonhosted.org/packages/a6/e6/8aebae25e328160b20e31a7e9929b1578bbdc7f42e66f46595a432f8539e/charset_normalizer-3.4.2-cp311-cp311-manylinux_2_5_i686.manylinux1_i686.manylinux_2_17_i686.manylinux2014_i686.whl", hash = "sha256:0f5d9ed7f254402c9e7d35d2f5972c9bbea9040e99cd2861bd77dc68263277c7", size = 149164 },
    { url = "https://files.pythonhosted.org/packages/8b/f2/b3c2f07dbcc248805f10e67a0262c93308cfa149a4cd3d1fe01f593e5fd2/charset_normalizer-3.4.2-cp311-cp311-musllinux_1_2_aarch64.whl", hash = "sha256:efd387a49825780ff861998cd959767800d54f8308936b21025326de4b5a42b9", size = 144571 },
    { url = "https://files.pythonhosted.org/packages/60/5b/c3f3a94bc345bc211622ea59b4bed9ae63c00920e2e8f11824aa5708e8b7/charset_normalizer-3.4.2-cp311-cp311-musllinux_1_2_i686.whl", hash = "sha256:f0aa37f3c979cf2546b73e8222bbfa3dc07a641585340179d768068e3455e544", size = 151952 },
    { url = "https://files.pythonhosted.org/packages/e2/4d/ff460c8b474122334c2fa394a3f99a04cf11c646da895f81402ae54f5c42/charset_normalizer-3.4.2-cp311-cp311-musllinux_1_2_ppc64le.whl", hash = "sha256:e70e990b2137b29dc5564715de1e12701815dacc1d056308e2b17e9095372a82", size = 155959 },
    { url = "https://files.pythonhosted.org/packages/a2/2b/b964c6a2fda88611a1fe3d4c400d39c66a42d6c169c924818c848f922415/charset_normalizer-3.4.2-cp311-cp311-musllinux_1_2_s390x.whl", hash = "sha256:0c8c57f84ccfc871a48a47321cfa49ae1df56cd1d965a09abe84066f6853b9c0", size = 153030 },
    { url = "https://files.pythonhosted.org/packages/59/2e/d3b9811db26a5ebf444bc0fa4f4be5aa6d76fc6e1c0fd537b16c14e849b6/charset_normalizer-3.4.2-cp311-cp311-musllinux_1_2_x86_64.whl", hash = "sha256:6b66f92b17849b85cad91259efc341dce9c1af48e2173bf38a85c6329f1033e5", size = 148015 },
    { url = "https://files.pythonhosted.org/packages/90/07/c5fd7c11eafd561bb51220d600a788f1c8d77c5eef37ee49454cc5c35575/charset_normalizer-3.4.2-cp311-cp311-win32.whl", hash = "sha256:daac4765328a919a805fa5e2720f3e94767abd632ae410a9062dff5412bae65a", size = 98106 },
    { url = "https://files.pythonhosted.org/packages/a8/05/5e33dbef7e2f773d672b6d79f10ec633d4a71cd96db6673625838a4fd532/charset_normalizer-3.4.2-cp311-cp311-win_amd64.whl", hash = "sha256:e53efc7c7cee4c1e70661e2e112ca46a575f90ed9ae3fef200f2a25e954f4b28", size = 105402 },
    { url = "https://files.pythonhosted.org/packages/20/94/c5790835a017658cbfabd07f3bfb549140c3ac458cfc196323996b10095a/charset_normalizer-3.4.2-py3-none-any.whl", hash = "sha256:7f56930ab0abd1c45cd15be65cc741c28b1c9a34876ce8c17a2fa107810c0af0", size = 52626 },
]

[[package]]
name = "colorama"
version = "0.4.6"
source = { registry = "https://pypi.org/simple" }
sdist = { url = "https://files.pythonhosted.org/packages/d8/53/6f443c9a4a8358a93a6792e2acffb9d9d5cb0a5cfd8802644b7b1c9a02e4/colorama-0.4.6.tar.gz", hash = "sha256:08695f5cb7ed6e0531a20572697297273c47b8cae5a63ffc6d6ed5c201be6e44", size = 27697 }
wheels = [
    { url = "https://files.pythonhosted.org/packages/d1/d6/3965ed04c63042e047cb6a3e6ed1a63a35087b6a609aa3a15ed8ac56c221/colorama-0.4.6-py2.py3-none-any.whl", hash = "sha256:4f1d9991f5acc0ca119f9d443620b77f9d6b33703e51011c16baf57afb285fc6", size = 25335 },
]

[[package]]
name = "coverage"
version = "7.8.1"
source = { registry = "https://pypi.org/simple" }
sdist = { url = "https://files.pythonhosted.org/packages/27/b4/a707d96c2c1ce9402ce1ce7124c53b9e4e1f3e617652a5ed2fbba4c9b4be/coverage-7.8.1.tar.gz", hash = "sha256:d41d4da5f2871b1782c6b74948d2d37aac3a5b39b43a6ba31d736b97a02ae1f1", size = 812193 }
wheels = [
    { url = "https://files.pythonhosted.org/packages/78/7e/224415a4424b610f7f05429b1099daee32eeb98cb39b3b8e8a1981431273/coverage-7.8.1-cp311-cp311-macosx_10_9_x86_64.whl", hash = "sha256:1cc6bebc15c3b275174c66cf4e1c949a94c5c2a3edaa2f193a1225548c52c771", size = 211689 },
    { url = "https://files.pythonhosted.org/packages/c1/22/87ab73762926a50fb9f2eefe52951ce4f764097480370db86c1e99e075dc/coverage-7.8.1-cp311-cp311-macosx_11_0_arm64.whl", hash = "sha256:d8a6c35afd5b912101fabf42975d92d750cfce33c571508a82ff334a133c40d5", size = 212116 },
    { url = "https://files.pythonhosted.org/packages/96/39/cb084825f22d7d9f0064e47bb3af2b9a633172d573a8da72460c96564bd5/coverage-7.8.1-cp311-cp311-manylinux_2_17_aarch64.manylinux2014_aarch64.whl", hash = "sha256:b37729ba34c116a3b2b6fb99df5c37a4ca40e96f430070488fd7a1077ad44907", size = 244739 },
    { url = "https://files.pythonhosted.org/packages/2b/5f/fdf000ea0ec1741b4c81367a44eeec036db92ba8e18a0cc5f9e2c840d0a9/coverage-7.8.1-cp311-cp311-manylinux_2_5_i686.manylinux1_i686.manylinux_2_17_i686.manylinux2014_i686.whl", hash = "sha256:b6424c716f4c38ff8f62b602e6b94cde478dadda542a1cb3fe2fe2520cc2aae3", size = 242429 },
    { url = "https://files.pythonhosted.org/packages/ca/7f/3697436ca527d4cf69e3f251fe24cd2958137442f1fe83b297bb94a7a490/coverage-7.8.1-cp311-cp311-manylinux_2_5_x86_64.manylinux1_x86_64.manylinux_2_17_x86_64.manylinux2014_x86_64.whl", hash = "sha256:8bcfafb2809cd01be8ffe5f962e01b0fbe4cc1d74513434c52ff2dd05b86d492", size = 244218 },
    { url = "https://files.pythonhosted.org/packages/71/fa/486c4c0cbed2ab67ff840c90c40184140f54c31d507344451afa26c3bb0e/coverage-7.8.1-cp311-cp311-musllinux_1_2_aarch64.whl", hash = "sha256:e3f65da9701648d226b6b24ded3e2528b72075e48d7540968cd857c3bd4c5321", size = 243866 },
    { url = "https://files.pythonhosted.org/packages/cb/77/03e336b4c4fa329c9c6ec93ac7f64d2d4984ce8e0a585c195b35e9a3c2a6/coverage-7.8.1-cp311-cp311-musllinux_1_2_i686.whl", hash = "sha256:173e16969f990688aae4b4487717c44330bc57fd8b61a6216ce8eeb827eb5c0d", size = 242038 },
    { url = "https://files.pythonhosted.org/packages/d9/fb/2ced07e129e2735b7e4102891f380b05f994e3764abac711c597ea83c60c/coverage-7.8.1-cp311-cp311-musllinux_1_2_x86_64.whl", hash = "sha256:3763b9a4bc128f72da5dcfd7fcc7c7d6644ed28e8f2db473ce1ef0dd37a43fa9", size = 242568 },
    { url = "https://files.pythonhosted.org/packages/59/96/47c47ab041f795979f8eed3fb2a93c8eb5dba83a8b78ee5c47535f10f015/coverage-7.8.1-cp311-cp311-win32.whl", hash = "sha256:d074380f587360d2500f3b065232c67ae248aaf739267807adbcd29b88bdf864", size = 214197 },
    { url = "https://files.pythonhosted.org/packages/e9/14/7cf088fc11df2e20a531f13e2ce123579e0dcbcb052a76ece6fdb9f2997d/coverage-7.8.1-cp311-cp311-win_amd64.whl", hash = "sha256:cd21de85aa0e247b79c6c41f8b5541b54285550f2da6a9448d82b53234d3611b", size = 215111 },
    { url = "https://files.pythonhosted.org/packages/94/aa/f2063b32526002f639ac0081f177f8f0d3a8389ac08e84a02b8cca22d2c0/coverage-7.8.1-pp39.pp310.pp311-none-any.whl", hash = "sha256:adafe9d71a940927dd3ad8d487f521f11277f133568b7da622666ebd08923191", size = 203637 },
    { url = "https://files.pythonhosted.org/packages/1b/a1/4d968d4605f3a87a809f0c8f495eed81656c93cf6c00818334498ad6ad45/coverage-7.8.1-py3-none-any.whl", hash = "sha256:e54b80885b0e61d346accc5709daf8762471a452345521cc9281604a907162c2", size = 203623 },
]

[package.optional-dependencies]
toml = [
    { name = "tomli", marker = "python_full_version <= '3.11'" },
]

[[package]]
name = "idna"
version = "3.10"
source = { registry = "https://pypi.org/simple" }
sdist = { url = "https://files.pythonhosted.org/packages/f1/70/7703c29685631f5a7590aa73f1f1d3fa9a380e654b86af429e0934a32f7d/idna-3.10.tar.gz", hash = "sha256:12f65c9b470abda6dc35cf8e63cc574b1c52b11df2c86030af0ac09b01b13ea9", size = 190490 }
wheels = [
    { url = "https://files.pythonhosted.org/packages/76/c6/c88e154df9c4e1a2a66ccf0005a88dfb2650c1dffb6f5ce603dfbd452ce3/idna-3.10-py3-none-any.whl", hash = "sha256:946d195a0d259cbba61165e88e65941f16e9b36ea6ddb97f00452bae8b1287d3", size = 70442 },
]

[[package]]
name = "iniconfig"
version = "2.1.0"
source = { registry = "https://pypi.org/simple" }
sdist = { url = "https://files.pythonhosted.org/packages/f2/97/ebf4da567aa6827c909642694d71c9fcf53e5b504f2d96afea02718862f3/iniconfig-2.1.0.tar.gz", hash = "sha256:3abbd2e30b36733fee78f9c7f7308f2d0050e88f0087fd25c2645f63c773e1c7", size = 4793 }
wheels = [
    { url = "https://files.pythonhosted.org/packages/2c/e1/e6716421ea10d38022b952c159d5161ca1193197fb744506875fbb87ea7b/iniconfig-2.1.0-py3-none-any.whl", hash = "sha256:9deba5723312380e77435581c6bf4935c94cbfab9b1ed33ef8d238ea168eb760", size = 6050 },
]

[[package]]
name = "lapx"
version = "0.5.11.post1"
source = { registry = "https://pypi.org/simple" }
dependencies = [
    { name = "numpy" },
]
sdist = { url = "https://files.pythonhosted.org/packages/91/7c/44ce778787d32efb6b1caa696125fa3c3a498d549602fac80c43c563a30c/lapx-0.5.11.post1.tar.gz", hash = "sha256:f69d0b496e3cf0f312e660af835891349be43624d8e5acae831f51ba1c0a9568", size = 1520438 }
wheels = [
    { url = "https://files.pythonhosted.org/packages/d5/82/787dc408f79f6f1564b06ea8e143aac94a5459e156aad3ab76e8d628f2ca/lapx-0.5.11.post1-cp311-cp311-macosx_10_9_x86_64.whl", hash = "sha256:af7bc0eb4db3e6a830ed864733b027e8eeabacf3a1306345d1d7e5d55d19e79b", size = 1481083 },
    { url = "https://files.pythonhosted.org/packages/d1/44/9ba2897d5a12be005e7c5326027525451ca10cc093f9099c2eac6008e61d/lapx-0.5.11.post1-cp311-cp311-macosx_11_0_arm64.whl", hash = "sha256:d2153ac98ff97727f288ecd8d560afa6d451c9d129e6d4247abce9ee44ac3291", size = 1478244 },
    { url = "https://files.pythonhosted.org/packages/f6/1d/3c84299bcbf44892e986b6d6d7cd6e2f3e6d7fb649c19a8bc820c48fb672/lapx-0.5.11.post1-cp311-cp311-manylinux_2_17_aarch64.manylinux2014_aarch64.whl", hash = "sha256:b34c0210551600ecb9e71118dd4860192ffff2a8506c2a2eeb23fde0bbfdcac4", size = 1718008 },
    { url = "https://files.pythonhosted.org/packages/c4/00/736eacacf0f322a71c485bee5dc9a9280b4cbf5863d595e059473a8a5349/lapx-0.5.11.post1-cp311-cp311-manylinux_2_5_x86_64.manylinux1_x86_64.manylinux_2_17_x86_64.manylinux2014_x86_64.whl", hash = "sha256:bc724396ca74c8ca51f052347e28ce7ed71691e69c35bdaa225767171d0d2722", size = 1719942 },
    { url = "https://files.pythonhosted.org/packages/fb/5b/dbb53ae646a2449198891e9a34d5c73740e6cdd80b7a949ff804b89d9487/lapx-0.5.11.post1-cp311-cp311-musllinux_1_2_aarch64.whl", hash = "sha256:683d831107696902805c736be00b465c3f017c0b6d860cc636cd4057d5c4faf5", size = 1711814 },
    { url = "https://files.pythonhosted.org/packages/c2/75/69a1cbd170980a3cb326536661a74eae364d5d0af049fdaa8f21ae9cb49e/lapx-0.5.11.post1-cp311-cp311-musllinux_1_2_x86_64.whl", hash = "sha256:7ef3d35fbef83b87c0111a4e889c0e66cf448cd4d5e6bf94b540ff9210862207", size = 1720810 },
    { url = "https://files.pythonhosted.org/packages/49/ce/a56db54703124e504941820d625556e2a6d3162d33ee25d7a738c8ab2cc5/lapx-0.5.11.post1-cp311-cp311-win_amd64.whl", hash = "sha256:beb7bbc8502fc8291bc7661e7e84545d16250e2d752951fb568782241164925c", size = 1478048 },
    { url = "https://files.pythonhosted.org/packages/91/91/7be1d4309680507585bedc81429051c623bccf0b443fa68dc593896c1c20/lapx-0.5.11.post1-cp311-cp311-win_arm64.whl", hash = "sha256:14da8e1d6d5ce382f83007cc233a75d14c9f6ab248ccafab8f586e11d110ec6e", size = 1467252 },
]

[[package]]
name = "libarchive-c"
version = "5.3"
source = { registry = "https://pypi.org/simple" }
sdist = { url = "https://files.pythonhosted.org/packages/26/23/e72434d5457c24113e0c22605cbf7dd806a2561294a335047f5aa8ddc1ca/libarchive_c-5.3.tar.gz", hash = "sha256:5ddb42f1a245c927e7686545da77159859d5d4c6d00163c59daff4df314dae82", size = 54349 }
wheels = [
    { url = "https://files.pythonhosted.org/packages/88/3f/ff00c588ebd7eae46a9d6223389f5ae28a3af4b6d975c0f2a6d86b1342b9/libarchive_c-5.3-py3-none-any.whl", hash = "sha256:651550a6ec39266b78f81414140a1e04776c935e72dfc70f1d7c8e0a3672ffba", size = 17035 },
]

[[package]]
name = "meson"
version = "1.8.0"
source = { registry = "https://pypi.org/simple" }
sdist = { url = "https://files.pythonhosted.org/packages/2d/28/82509ddb26dc11790acc83fef183edf8fd7cbfd4c69572fd2bd10d18be2e/meson-1.8.0.tar.gz", hash = "sha256:0a9b23311271519bd03dca12d7d8b0eab582c3a2c5da433d465b6e519dc88e2f", size = 2334911 }
wheels = [
    { url = "https://files.pythonhosted.org/packages/df/d7/f1c8acf0e597d4d07532f519780ee6e11ba285a9b092f18706b4c9118331/meson-1.8.0-py3-none-any.whl", hash = "sha256:472b7b25da286447333d32872b82d1c6f1a34024fb8ee017d7308056c25fec1f", size = 1012501 },
]

[[package]]
name = "meson-python"
version = "0.18.0"
source = { registry = "https://pypi.org/simple" }
dependencies = [
    { name = "meson" },
    { name = "packaging" },
    { name = "pyproject-metadata" },
]
sdist = { url = "https://files.pythonhosted.org/packages/26/bd/fdb26366443620f1a8a4d4ec7bfa37d1fbbe7bf737b257c205bbcf95ba95/meson_python-0.18.0.tar.gz", hash = "sha256:c56a99ec9df669a40662fe46960321af6e4b14106c14db228709c1628e23848d", size = 95630 }
wheels = [
    { url = "https://files.pythonhosted.org/packages/28/58/66db620a8a7ccb32633de9f403fe49f1b63c68ca94e5c340ec5cceeb9821/meson_python-0.18.0-py3-none-any.whl", hash = "sha256:3b0fe051551cc238f5febb873247c0949cd60ded556efa130aa57021804868e2", size = 28420 },
]

[[package]]
name = "modlib"
version = "1.2.0"
source = { editable = "." }
dependencies = [
    { name = "lapx" },
    { name = "libarchive-c" },
    { name = "numpy" },
    { name = "opencv-python" },
    { name = "requests" },
    { name = "tqdm" },
]

[package.dev-dependencies]
dev = [
    { name = "meson" },
    { name = "meson-python" },
    { name = "ninja" },
    { name = "pytest" },
    { name = "pytest-cov" },
    { name = "ruff" },
]

[package.metadata]
requires-dist = [
    { name = "lapx", specifier = "~=0.5.11.post1" },
    { name = "libarchive-c", specifier = "~=5.1" },
    { name = "numpy", specifier = ">=1.26.0,<=2.2.0" },
    { name = "opencv-python", specifier = "~=4.10.0.84" },
    { name = "requests", specifier = "~=2.32.3" },
    { name = "tqdm", specifier = "~=4.67.1" },
]

[package.metadata.requires-dev]
dev = [
    { name = "meson", specifier = "~=1.8.0" },
    { name = "meson-python", specifier = "~=0.18.0" },
    { name = "ninja" },
    { name = "pytest", specifier = ">=8.3.4" },
    { name = "pytest-cov", specifier = ">=6.0.0" },
    { name = "ruff", specifier = ">=0.9.4" },
]

[[package]]
name = "ninja"
version = "1.11.1.4"
source = { registry = "https://pypi.org/simple" }
sdist = { url = "https://files.pythonhosted.org/packages/95/d4/6b0324541018561c5e73e617bd16f20a4fc17d1179bb3b3520b6ca8beb7b/ninja-1.11.1.4.tar.gz", hash = "sha256:6aa39f6e894e0452e5b297327db00019383ae55d5d9c57c73b04f13bf79d438a", size = 201256 }
wheels = [
    { url = "https://files.pythonhosted.org/packages/4f/b1/3a61b348936b62a386465b1937cd778fa3a5748582e26d832dbab844ff27/ninja-1.11.1.4-py3-none-macosx_10_9_universal2.whl", hash = "sha256:b33923c8da88e8da20b6053e38deb433f53656441614207e01d283ad02c5e8e7", size = 279071 },
    { url = "https://files.pythonhosted.org/packages/12/42/4c94fdad51fcf1f039a156e97de9e4d564c2a8cc0303782d36f9bd893a4b/ninja-1.11.1.4-py3-none-manylinux_2_12_i686.manylinux2010_i686.whl", hash = "sha256:cede0af00b58e27b31f2482ba83292a8e9171cdb9acc2c867a3b6e40b3353e43", size = 472026 },
    { url = "https://files.pythonhosted.org/packages/eb/7a/455d2877fe6cf99886849c7f9755d897df32eaf3a0fba47b56e615f880f7/ninja-1.11.1.4-py3-none-manylinux_2_12_x86_64.manylinux2010_x86_64.whl", hash = "sha256:096487995473320de7f65d622c3f1d16c3ad174797602218ca8c967f51ec38a0", size = 422814 },
    { url = "https://files.pythonhosted.org/packages/e3/ad/fb6cca942528e25e8e0ab0f0cf98fe007319bf05cf69d726c564b815c4af/ninja-1.11.1.4-py3-none-manylinux_2_17_aarch64.manylinux2014_aarch64.whl", hash = "sha256:d3090d4488fadf6047d0d7a1db0c9643a8d391f0d94729554dbb89b5bdc769d7", size = 156965 },
    { url = "https://files.pythonhosted.org/packages/a8/e7/d94a1b60031b115dd88526834b3da69eaacdc3c1a6769773ca8e2b1386b5/ninja-1.11.1.4-py3-none-manylinux_2_17_ppc64le.manylinux2014_ppc64le.whl", hash = "sha256:ecce44a00325a93631792974659cf253a815cc6da4ec96f89742925dfc295a0d", size = 179937 },
    { url = "https://files.pythonhosted.org/packages/08/cc/e9316a28235409e9363794fc3d0b3083e48dd80d441006de66421e55f364/ninja-1.11.1.4-py3-none-manylinux_2_17_s390x.manylinux2014_s390x.whl", hash = "sha256:9c29bb66d2aa46a2409ab369ea804c730faec7652e8c22c1e428cc09216543e5", size = 157020 },
    { url = "https://files.pythonhosted.org/packages/e3/30/389b22300541aa5f2e9dad322c4de2f84be4e32aa4e8babd9160d620b5f1/ninja-1.11.1.4-py3-none-manylinux_2_28_armv7l.manylinux_2_31_armv7l.whl", hash = "sha256:055f386fb550c2c9d6157e45e20a84d29c47968876b9c5794ae2aec46f952306", size = 130389 },
    { url = "https://files.pythonhosted.org/packages/a9/10/e27f35cb92813aabbb7ae771b1685b45be1cc8a0798ce7d4bfd08d142b93/ninja-1.11.1.4-py3-none-musllinux_1_1_aarch64.whl", hash = "sha256:f6186d7607bb090c3be1e10c8a56b690be238f953616626f5032238c66e56867", size = 372435 },
    { url = "https://files.pythonhosted.org/packages/c2/26/e3559619756739aae124c6abf7fe41f7e546ab1209cfbffb13137bff2d2e/ninja-1.11.1.4-py3-none-musllinux_1_1_i686.whl", hash = "sha256:cf4453679d15babc04ba023d68d091bb613091b67101c88f85d2171c6621c6eb", size = 419300 },
    { url = "https://files.pythonhosted.org/packages/35/46/809e4e9572570991b8e6f88f3583807d017371ab4cb09171cbc72a7eb3e4/ninja-1.11.1.4-py3-none-musllinux_1_1_ppc64le.whl", hash = "sha256:d4a6f159b08b0ac4aca5ee1572e3e402f969139e71d85d37c0e2872129098749", size = 420239 },
    { url = "https://files.pythonhosted.org/packages/e6/64/5cb5710d15f844edf02ada577f8eddfdcd116f47eec15850f3371a3a4b33/ninja-1.11.1.4-py3-none-musllinux_1_1_s390x.whl", hash = "sha256:c3b96bd875f3ef1db782470e9e41d7508905a0986571f219d20ffed238befa15", size = 415986 },
    { url = "https://files.pythonhosted.org/packages/95/b2/0e9ab1d926f423b12b09925f78afcc5e48b3c22e7121be3ddf6c35bf06a3/ninja-1.11.1.4-py3-none-musllinux_1_1_x86_64.whl", hash = "sha256:cf554e73f72c04deb04d0cf51f5fdb1903d9c9ca3d2344249c8ce3bd616ebc02", size = 379657 },
    { url = "https://files.pythonhosted.org/packages/c8/3e/fd6d330d0434168e7fe070d414b57dd99c4c133faa69c05b42a3cbdc6c13/ninja-1.11.1.4-py3-none-musllinux_1_2_armv7l.whl", hash = "sha256:cfdd09776436a1ff3c4a2558d3fc50a689fb9d7f1bdbc3e6f7b8c2991341ddb3", size = 454466 },
    { url = "https://files.pythonhosted.org/packages/e6/df/a25f3ad0b1c59d1b90564096e4fd89a6ca30d562b1e942f23880c3000b89/ninja-1.11.1.4-py3-none-win32.whl", hash = "sha256:2ab67a41c90bea5ec4b795bab084bc0b3b3bb69d3cd21ca0294fc0fc15a111eb", size = 255931 },
    { url = "https://files.pythonhosted.org/packages/5b/10/9b8fe9ac004847490cc7b54896124c01ce2d87d95dc60aabd0b8591addff/ninja-1.11.1.4-py3-none-win_amd64.whl", hash = "sha256:4617b3c12ff64b611a7d93fd9e378275512bb36eff8babff7c83f5116b4f8d66", size = 296461 },
    { url = "https://files.pythonhosted.org/packages/b9/58/612a17593c2d117f96c7f6b7f1e6570246bddc4b1e808519403a1417f217/ninja-1.11.1.4-py3-none-win_arm64.whl", hash = "sha256:5713cf50c5be50084a8693308a63ecf9e55c3132a78a41ab1363a28b6caaaee1", size = 271441 },
]

[[package]]
name = "numpy"
version = "2.2.0"
source = { registry = "https://pypi.org/simple" }
sdist = { url = "https://files.pythonhosted.org/packages/47/1b/1d565e0f6e156e1522ab564176b8b29d71e13d8caf003a08768df3d5cec5/numpy-2.2.0.tar.gz", hash = "sha256:140dd80ff8981a583a60980be1a655068f8adebf7a45a06a6858c873fcdcd4a0", size = 20225497 }
wheels = [
    { url = "https://files.pythonhosted.org/packages/80/1b/736023977a96e787c4e7653a1ac2d31d4f6ab6b4048f83c8359f7c0af2e3/numpy-2.2.0-cp311-cp311-macosx_10_9_x86_64.whl", hash = "sha256:9874bc2ff574c40ab7a5cbb7464bf9b045d617e36754a7bc93f933d52bd9ffc6", size = 21216607 },
    { url = "https://files.pythonhosted.org/packages/85/4f/5f0be4c5c93525e663573bab9e29bd88a71f85de3a0d01413ee05bce0c2f/numpy-2.2.0-cp311-cp311-macosx_11_0_arm64.whl", hash = "sha256:0da8495970f6b101ddd0c38ace92edea30e7e12b9a926b57f5fabb1ecc25bb90", size = 14387756 },
    { url = "https://files.pythonhosted.org/packages/36/78/c38af7833c4f29999cdacdf12452b43b660cd25a1990ea9a7edf1fb01f17/numpy-2.2.0-cp311-cp311-macosx_14_0_arm64.whl", hash = "sha256:0557eebc699c1c34cccdd8c3778c9294e8196df27d713706895edc6f57d29608", size = 5388483 },
    { url = "https://files.pythonhosted.org/packages/e9/b5/306ac6ee3f8f0c51abd3664ee8a9b8e264cbf179a860674827151ecc0a9c/numpy-2.2.0-cp311-cp311-macosx_14_0_x86_64.whl", hash = "sha256:3579eaeb5e07f3ded59298ce22b65f877a86ba8e9fe701f5576c99bb17c283da", size = 6929721 },
    { url = "https://files.pythonhosted.org/packages/ea/15/e33a7d86d8ce91de82c34ce94a87f2b8df891e603675e83ec7039325ff10/numpy-2.2.0-cp311-cp311-manylinux_2_17_aarch64.manylinux2014_aarch64.whl", hash = "sha256:40deb10198bbaa531509aad0cd2f9fadb26c8b94070831e2208e7df543562b74", size = 14334667 },
    { url = "https://files.pythonhosted.org/packages/52/33/10825f580f42a353f744abc450dcd2a4b1e6f1931abb0ccbd1d63bd3993c/numpy-2.2.0-cp311-cp311-manylinux_2_17_x86_64.manylinux2014_x86_64.whl", hash = "sha256:c2aed8fcf8abc3020d6a9ccb31dbc9e7d7819c56a348cc88fd44be269b37427e", size = 16390204 },
    { url = "https://files.pythonhosted.org/packages/b4/24/36cce77559572bdc6c8bcdd2f3e0db03c7079d14b9a1cd342476d7f451e8/numpy-2.2.0-cp311-cp311-musllinux_1_2_aarch64.whl", hash = "sha256:a222d764352c773aa5ebde02dd84dba3279c81c6db2e482d62a3fa54e5ece69b", size = 15556123 },
    { url = "https://files.pythonhosted.org/packages/05/51/2d706d14adee8f5c70c5de3831673d4d57051fc9ac6f3f6bff8811d2f9bd/numpy-2.2.0-cp311-cp311-musllinux_1_2_x86_64.whl", hash = "sha256:4e58666988605e251d42c2818c7d3d8991555381be26399303053b58a5bbf30d", size = 18179898 },
    { url = "https://files.pythonhosted.org/packages/8a/e7/ea8b7652564113f218e75b296e3545a256d88b233021f792fd08591e8f33/numpy-2.2.0-cp311-cp311-win32.whl", hash = "sha256:4723a50e1523e1de4fccd1b9a6dcea750c2102461e9a02b2ac55ffeae09a4410", size = 6568146 },
    { url = "https://files.pythonhosted.org/packages/d0/06/3d1ff6ed377cb0340baf90487a35f15f9dc1db8e0a07de2bf2c54a8e490f/numpy-2.2.0-cp311-cp311-win_amd64.whl", hash = "sha256:16757cf28621e43e252c560d25b15f18a2f11da94fea344bf26c599b9cf54b73", size = 12916677 },
]

[[package]]
name = "opencv-python"
version = "4.10.0.84"
source = { registry = "https://pypi.org/simple" }
dependencies = [
    { name = "numpy" },
]
sdist = { url = "https://files.pythonhosted.org/packages/4a/e7/b70a2d9ab205110d715906fc8ec83fbb00404aeb3a37a0654fdb68eb0c8c/opencv-python-4.10.0.84.tar.gz", hash = "sha256:72d234e4582e9658ffea8e9cae5b63d488ad06994ef12d81dc303b17472f3526", size = 95103981 }
wheels = [
    { url = "https://files.pythonhosted.org/packages/66/82/564168a349148298aca281e342551404ef5521f33fba17b388ead0a84dc5/opencv_python-4.10.0.84-cp37-abi3-macosx_11_0_arm64.whl", hash = "sha256:fc182f8f4cda51b45f01c64e4cbedfc2f00aff799debebc305d8d0210c43f251", size = 54835524 },
    { url = "https://files.pythonhosted.org/packages/64/4a/016cda9ad7cf18c58ba074628a4eaae8aa55f3fd06a266398cef8831a5b9/opencv_python-4.10.0.84-cp37-abi3-macosx_12_0_x86_64.whl", hash = "sha256:71e575744f1d23f79741450254660442785f45a0797212852ee5199ef12eed98", size = 56475426 },
    { url = "https://files.pythonhosted.org/packages/81/e4/7a987ebecfe5ceaf32db413b67ff18eb3092c598408862fff4d7cc3fd19b/opencv_python-4.10.0.84-cp37-abi3-manylinux_2_17_aarch64.manylinux2014_aarch64.whl", hash = "sha256:09a332b50488e2dda866a6c5573ee192fe3583239fb26ff2f7f9ceb0bc119ea6", size = 41746971 },
    { url = "https://files.pythonhosted.org/packages/3f/a4/d2537f47fd7fcfba966bd806e3ec18e7ee1681056d4b0a9c8d983983e4d5/opencv_python-4.10.0.84-cp37-abi3-manylinux_2_17_x86_64.manylinux2014_x86_64.whl", hash = "sha256:9ace140fc6d647fbe1c692bcb2abce768973491222c067c131d80957c595b71f", size = 62548253 },
    { url = "https://files.pythonhosted.org/packages/1e/39/bbf57e7b9dab623e8773f6ff36385456b7ae7fa9357a5e53db732c347eac/opencv_python-4.10.0.84-cp37-abi3-win32.whl", hash = "sha256:2db02bb7e50b703f0a2d50c50ced72e95c574e1e5a0bb35a8a86d0b35c98c236", size = 28737688 },
    { url = "https://files.pythonhosted.org/packages/ec/6c/fab8113424af5049f85717e8e527ca3773299a3c6b02506e66436e19874f/opencv_python-4.10.0.84-cp37-abi3-win_amd64.whl", hash = "sha256:32dbbd94c26f611dc5cc6979e6b7aa1f55a64d6b463cc1dcd3c95505a63e48fe", size = 38842521 },
]

[[package]]
name = "packaging"
version = "25.0"
source = { registry = "https://pypi.org/simple" }
sdist = { url = "https://files.pythonhosted.org/packages/a1/d4/1fc4078c65507b51b96ca8f8c3ba19e6a61c8253c72794544580a7b6c24d/packaging-25.0.tar.gz", hash = "sha256:d443872c98d677bf60f6a1f2f8c1cb748e8fe762d2bf9d3148b5599295b0fc4f", size = 165727 }
wheels = [
    { url = "https://files.pythonhosted.org/packages/20/12/38679034af332785aac8774540895e234f4d07f7545804097de4b666afd8/packaging-25.0-py3-none-any.whl", hash = "sha256:29572ef2b1f17581046b3a2227d5c611fb25ec70ca1ba8554b24b0e69331a484", size = 66469 },
]

[[package]]
name = "pluggy"
version = "1.6.0"
source = { registry = "https://pypi.org/simple" }
sdist = { url = "https://files.pythonhosted.org/packages/f9/e2/3e91f31a7d2b083fe6ef3fa267035b518369d9511ffab804f839851d2779/pluggy-1.6.0.tar.gz", hash = "sha256:7dcc130b76258d33b90f61b658791dede3486c3e6bfb003ee5c9bfb396dd22f3", size = 69412 }
wheels = [
    { url = "https://files.pythonhosted.org/packages/54/20/4d324d65cc6d9205fabedc306948156824eb9f0ee1633355a8f7ec5c66bf/pluggy-1.6.0-py3-none-any.whl", hash = "sha256:e920276dd6813095e9377c0bc5566d94c932c33b27a3e3945d8389c374dd4746", size = 20538 },
]

[[package]]
name = "pyproject-metadata"
version = "0.9.1"
source = { registry = "https://pypi.org/simple" }
dependencies = [
    { name = "packaging" },
]
sdist = { url = "https://files.pythonhosted.org/packages/64/ae/5fa065b049e97f96880de0611dbba513f0ee313b6edd0a64664c7b46a8e8/pyproject_metadata-0.9.1.tar.gz", hash = "sha256:b8b2253dd1b7062b78cf949a115f02ba7fa4114aabe63fa10528e9e1a954a816", size = 38415 }
wheels = [
    { url = "https://files.pythonhosted.org/packages/7e/b1/8e63033b259e0a4e40dd1ec4a9fee17718016845048b43a36ec67d62e6fe/pyproject_metadata-0.9.1-py3-none-any.whl", hash = "sha256:ee5efde548c3ed9b75a354fc319d5afd25e9585fa918a34f62f904cc731973ad", size = 18829 },
]

[[package]]
name = "pytest"
version = "8.3.5"
source = { registry = "https://pypi.org/simple" }
dependencies = [
    { name = "colorama", marker = "sys_platform == 'win32'" },
    { name = "iniconfig" },
    { name = "packaging" },
    { name = "pluggy" },
]
sdist = { url = "https://files.pythonhosted.org/packages/ae/3c/c9d525a414d506893f0cd8a8d0de7706446213181570cdbd766691164e40/pytest-8.3.5.tar.gz", hash = "sha256:f4efe70cc14e511565ac476b57c279e12a855b11f48f212af1080ef2263d3845", size = 1450891 }
wheels = [
    { url = "https://files.pythonhosted.org/packages/30/3d/64ad57c803f1fa1e963a7946b6e0fea4a70df53c1a7fed304586539c2bac/pytest-8.3.5-py3-none-any.whl", hash = "sha256:c69214aa47deac29fad6c2a4f590b9c4a9fdb16a403176fe154b79c0b4d4d820", size = 343634 },
]

[[package]]
name = "pytest-cov"
version = "6.1.1"
source = { registry = "https://pypi.org/simple" }
dependencies = [
    { name = "coverage", extra = ["toml"] },
    { name = "pytest" },
]
sdist = { url = "https://files.pythonhosted.org/packages/25/69/5f1e57f6c5a39f81411b550027bf72842c4567ff5fd572bed1edc9e4b5d9/pytest_cov-6.1.1.tar.gz", hash = "sha256:46935f7aaefba760e716c2ebfbe1c216240b9592966e7da99ea8292d4d3e2a0a", size = 66857 }
wheels = [
    { url = "https://files.pythonhosted.org/packages/28/d0/def53b4a790cfb21483016430ed828f64830dd981ebe1089971cd10cab25/pytest_cov-6.1.1-py3-none-any.whl", hash = "sha256:bddf29ed2d0ab6f4df17b4c55b0a657287db8684af9c42ea546b21b1041b3dde", size = 23841 },
]

[[package]]
name = "requests"
version = "2.32.3"
source = { registry = "https://pypi.org/simple" }
dependencies = [
    { name = "certifi" },
    { name = "charset-normalizer" },
    { name = "idna" },
    { name = "urllib3" },
]
sdist = { url = "https://files.pythonhosted.org/packages/63/70/2bf7780ad2d390a8d301ad0b550f1581eadbd9a20f896afe06353c2a2913/requests-2.32.3.tar.gz", hash = "sha256:55365417734eb18255590a9ff9eb97e9e1da868d4ccd6402399eaf68af20a760", size = 131218 }
wheels = [
    { url = "https://files.pythonhosted.org/packages/f9/9b/335f9764261e915ed497fcdeb11df5dfd6f7bf257d4a6a2a686d80da4d54/requests-2.32.3-py3-none-any.whl", hash = "sha256:70761cfe03c773ceb22aa2f671b4757976145175cdfca038c02654d061d6dcc6", size = 64928 },
]

[[package]]
name = "ruff"
version = "0.11.10"
source = { registry = "https://pypi.org/simple" }
sdist = { url = "https://files.pythonhosted.org/packages/e8/4c/4a3c5a97faaae6b428b336dcca81d03ad04779f8072c267ad2bd860126bf/ruff-0.11.10.tar.gz", hash = "sha256:d522fb204b4959909ecac47da02830daec102eeb100fb50ea9554818d47a5fa6", size = 4165632 }
wheels = [
    { url = "https://files.pythonhosted.org/packages/2f/9f/596c628f8824a2ce4cd12b0f0b4c0629a62dfffc5d0f742c19a1d71be108/ruff-0.11.10-py3-none-linux_armv6l.whl", hash = "sha256:859a7bfa7bc8888abbea31ef8a2b411714e6a80f0d173c2a82f9041ed6b50f58", size = 10316243 },
    { url = "https://files.pythonhosted.org/packages/3c/38/c1e0b77ab58b426f8c332c1d1d3432d9fc9a9ea622806e208220cb133c9e/ruff-0.11.10-py3-none-macosx_10_12_x86_64.whl", hash = "sha256:968220a57e09ea5e4fd48ed1c646419961a0570727c7e069842edd018ee8afed", size = 11083636 },
    { url = "https://files.pythonhosted.org/packages/23/41/b75e15961d6047d7fe1b13886e56e8413be8467a4e1be0a07f3b303cd65a/ruff-0.11.10-py3-none-macosx_11_0_arm64.whl", hash = "sha256:1067245bad978e7aa7b22f67113ecc6eb241dca0d9b696144256c3a879663bca", size = 10441624 },
    { url = "https://files.pythonhosted.org/packages/b6/2c/e396b6703f131406db1811ea3d746f29d91b41bbd43ad572fea30da1435d/ruff-0.11.10-py3-none-manylinux_2_17_aarch64.manylinux2014_aarch64.whl", hash = "sha256:f4854fd09c7aed5b1590e996a81aeff0c9ff51378b084eb5a0b9cd9518e6cff2", size = 10624358 },
    { url = "https://files.pythonhosted.org/packages/bd/8c/ee6cca8bdaf0f9a3704796022851a33cd37d1340bceaf4f6e991eb164e2e/ruff-0.11.10-py3-none-manylinux_2_17_armv7l.manylinux2014_armv7l.whl", hash = "sha256:8b4564e9f99168c0f9195a0fd5fa5928004b33b377137f978055e40008a082c5", size = 10176850 },
    { url = "https://files.pythonhosted.org/packages/e9/ce/4e27e131a434321b3b7c66512c3ee7505b446eb1c8a80777c023f7e876e6/ruff-0.11.10-py3-none-manylinux_2_17_i686.manylinux2014_i686.whl", hash = "sha256:5b6a9cc5b62c03cc1fea0044ed8576379dbaf751d5503d718c973d5418483641", size = 11759787 },
    { url = "https://files.pythonhosted.org/packages/58/de/1e2e77fc72adc7cf5b5123fd04a59ed329651d3eab9825674a9e640b100b/ruff-0.11.10-py3-none-manylinux_2_17_ppc64.manylinux2014_ppc64.whl", hash = "sha256:607ecbb6f03e44c9e0a93aedacb17b4eb4f3563d00e8b474298a201622677947", size = 12430479 },
    { url = "https://files.pythonhosted.org/packages/07/ed/af0f2340f33b70d50121628ef175523cc4c37619e98d98748c85764c8d88/ruff-0.11.10-py3-none-manylinux_2_17_ppc64le.manylinux2014_ppc64le.whl", hash = "sha256:7b3a522fa389402cd2137df9ddefe848f727250535c70dafa840badffb56b7a4", size = 11919760 },
    { url = "https://files.pythonhosted.org/packages/24/09/d7b3d3226d535cb89234390f418d10e00a157b6c4a06dfbe723e9322cb7d/ruff-0.11.10-py3-none-manylinux_2_17_s390x.manylinux2014_s390x.whl", hash = "sha256:2f071b0deed7e9245d5820dac235cbdd4ef99d7b12ff04c330a241ad3534319f", size = 14041747 },
    { url = "https://files.pythonhosted.org/packages/62/b3/a63b4e91850e3f47f78795e6630ee9266cb6963de8f0191600289c2bb8f4/ruff-0.11.10-py3-none-manylinux_2_17_x86_64.manylinux2014_x86_64.whl", hash = "sha256:4a60e3a0a617eafba1f2e4186d827759d65348fa53708ca547e384db28406a0b", size = 11550657 },
    { url = "https://files.pythonhosted.org/packages/46/63/a4f95c241d79402ccdbdb1d823d156c89fbb36ebfc4289dce092e6c0aa8f/ruff-0.11.10-py3-none-musllinux_1_2_aarch64.whl", hash = "sha256:da8ec977eaa4b7bf75470fb575bea2cb41a0e07c7ea9d5a0a97d13dbca697bf2", size = 10489671 },
    { url = "https://files.pythonhosted.org/packages/6a/9b/c2238bfebf1e473495659c523d50b1685258b6345d5ab0b418ca3f010cd7/ruff-0.11.10-py3-none-musllinux_1_2_armv7l.whl", hash = "sha256:ddf8967e08227d1bd95cc0851ef80d2ad9c7c0c5aab1eba31db49cf0a7b99523", size = 10160135 },
    { url = "https://files.pythonhosted.org/packages/ba/ef/ba7251dd15206688dbfba7d413c0312e94df3b31b08f5d695580b755a899/ruff-0.11.10-py3-none-musllinux_1_2_i686.whl", hash = "sha256:5a94acf798a82db188f6f36575d80609072b032105d114b0f98661e1679c9125", size = 11170179 },
    { url = "https://files.pythonhosted.org/packages/73/9f/5c336717293203ba275dbfa2ea16e49b29a9fd9a0ea8b6febfc17e133577/ruff-0.11.10-py3-none-musllinux_1_2_x86_64.whl", hash = "sha256:3afead355f1d16d95630df28d4ba17fb2cb9c8dfac8d21ced14984121f639bad", size = 11626021 },
    { url = "https://files.pythonhosted.org/packages/d9/2b/162fa86d2639076667c9aa59196c020dc6d7023ac8f342416c2f5ec4bda0/ruff-0.11.10-py3-none-win32.whl", hash = "sha256:dc061a98d32a97211af7e7f3fa1d4ca2fcf919fb96c28f39551f35fc55bdbc19", size = 10494958 },
    { url = "https://files.pythonhosted.org/packages/24/f3/66643d8f32f50a4b0d09a4832b7d919145ee2b944d43e604fbd7c144d175/ruff-0.11.10-py3-none-win_amd64.whl", hash = "sha256:5cc725fbb4d25b0f185cb42df07ab6b76c4489b4bfb740a175f3a59c70e8a224", size = 11650285 },
    { url = "https://files.pythonhosted.org/packages/95/3a/2e8704d19f376c799748ff9cb041225c1d59f3e7711bc5596c8cfdc24925/ruff-0.11.10-py3-none-win_arm64.whl", hash = "sha256:ef69637b35fb8b210743926778d0e45e1bffa850a7c61e428c6b971549b5f5d1", size = 10765278 },
]

[[package]]
name = "tomli"
version = "2.2.1"
source = { registry = "https://pypi.org/simple" }
sdist = { url = "https://files.pythonhosted.org/packages/18/87/302344fed471e44a87289cf4967697d07e532f2421fdaf868a303cbae4ff/tomli-2.2.1.tar.gz", hash = "sha256:cd45e1dc79c835ce60f7404ec8119f2eb06d38b1deba146f07ced3bbc44505ff", size = 17175 }
wheels = [
    { url = "https://files.pythonhosted.org/packages/43/ca/75707e6efa2b37c77dadb324ae7d9571cb424e61ea73fad7c56c2d14527f/tomli-2.2.1-cp311-cp311-macosx_10_9_x86_64.whl", hash = "sha256:678e4fa69e4575eb77d103de3df8a895e1591b48e740211bd1067378c69e8249", size = 131077 },
    { url = "https://files.pythonhosted.org/packages/c7/16/51ae563a8615d472fdbffc43a3f3d46588c264ac4f024f63f01283becfbb/tomli-2.2.1-cp311-cp311-macosx_11_0_arm64.whl", hash = "sha256:023aa114dd824ade0100497eb2318602af309e5a55595f76b626d6d9f3b7b0a6", size = 123429 },
    { url = "https://files.pythonhosted.org/packages/f1/dd/4f6cd1e7b160041db83c694abc78e100473c15d54620083dbd5aae7b990e/tomli-2.2.1-cp311-cp311-manylinux_2_17_aarch64.manylinux2014_aarch64.whl", hash = "sha256:ece47d672db52ac607a3d9599a9d48dcb2f2f735c6c2d1f34130085bb12b112a", size = 226067 },
    { url = "https://files.pythonhosted.org/packages/a9/6b/c54ede5dc70d648cc6361eaf429304b02f2871a345bbdd51e993d6cdf550/tomli-2.2.1-cp311-cp311-manylinux_2_17_x86_64.manylinux2014_x86_64.whl", hash = "sha256:6972ca9c9cc9f0acaa56a8ca1ff51e7af152a9f87fb64623e31d5c83700080ee", size = 236030 },
    { url = "https://files.pythonhosted.org/packages/1f/47/999514fa49cfaf7a92c805a86c3c43f4215621855d151b61c602abb38091/tomli-2.2.1-cp311-cp311-manylinux_2_5_i686.manylinux1_i686.manylinux_2_17_i686.manylinux2014_i686.whl", hash = "sha256:c954d2250168d28797dd4e3ac5cf812a406cd5a92674ee4c8f123c889786aa8e", size = 240898 },
    { url = "https://files.pythonhosted.org/packages/73/41/0a01279a7ae09ee1573b423318e7934674ce06eb33f50936655071d81a24/tomli-2.2.1-cp311-cp311-musllinux_1_2_aarch64.whl", hash = "sha256:8dd28b3e155b80f4d54beb40a441d366adcfe740969820caf156c019fb5c7ec4", size = 229894 },
    { url = "https://files.pythonhosted.org/packages/55/18/5d8bc5b0a0362311ce4d18830a5d28943667599a60d20118074ea1b01bb7/tomli-2.2.1-cp311-cp311-musllinux_1_2_i686.whl", hash = "sha256:e59e304978767a54663af13c07b3d1af22ddee3bb2fb0618ca1593e4f593a106", size = 245319 },
    { url = "https://files.pythonhosted.org/packages/92/a3/7ade0576d17f3cdf5ff44d61390d4b3febb8a9fc2b480c75c47ea048c646/tomli-2.2.1-cp311-cp311-musllinux_1_2_x86_64.whl", hash = "sha256:33580bccab0338d00994d7f16f4c4ec25b776af3ffaac1ed74e0b3fc95e885a8", size = 238273 },
    { url = "https://files.pythonhosted.org/packages/72/6f/fa64ef058ac1446a1e51110c375339b3ec6be245af9d14c87c4a6412dd32/tomli-2.2.1-cp311-cp311-win32.whl", hash = "sha256:465af0e0875402f1d226519c9904f37254b3045fc5084697cefb9bdde1ff99ff", size = 98310 },
    { url = "https://files.pythonhosted.org/packages/6a/1c/4a2dcde4a51b81be3530565e92eda625d94dafb46dbeb15069df4caffc34/tomli-2.2.1-cp311-cp311-win_amd64.whl", hash = "sha256:2d0f2fdd22b02c6d81637a3c95f8cd77f995846af7414c5c4b8d0545afa1bc4b", size = 108309 },
    { url = "https://files.pythonhosted.org/packages/6e/c2/61d3e0f47e2b74ef40a68b9e6ad5984f6241a942f7cd3bbfbdbd03861ea9/tomli-2.2.1-py3-none-any.whl", hash = "sha256:cb55c73c5f4408779d0cf3eef9f762b9c9f147a77de7b258bef0a5628adc85cc", size = 14257 },
]

[[package]]
name = "tqdm"
version = "4.67.1"
source = { registry = "https://pypi.org/simple" }
dependencies = [
    { name = "colorama", marker = "sys_platform == 'win32'" },
]
sdist = { url = "https://files.pythonhosted.org/packages/a8/4b/29b4ef32e036bb34e4ab51796dd745cdba7ed47ad142a9f4a1eb8e0c744d/tqdm-4.67.1.tar.gz", hash = "sha256:f8aef9c52c08c13a65f30ea34f4e5aac3fd1a34959879d7e59e63027286627f2", size = 169737 }
wheels = [
    { url = "https://files.pythonhosted.org/packages/d0/30/dc54f88dd4a2b5dc8a0279bdd7270e735851848b762aeb1c1184ed1f6b14/tqdm-4.67.1-py3-none-any.whl", hash = "sha256:26445eca388f82e72884e0d580d5464cd801a3ea01e63e5601bdff9ba6a48de2", size = 78540 },
]

[[package]]
name = "urllib3"
version = "2.4.0"
source = { registry = "https://pypi.org/simple" }
sdist = { url = "https://files.pythonhosted.org/packages/8a/78/16493d9c386d8e60e442a35feac5e00f0913c0f4b7c217c11e8ec2ff53e0/urllib3-2.4.0.tar.gz", hash = "sha256:414bc6535b787febd7567804cc015fee39daab8ad86268f1310a9250697de466", size = 390672 }
wheels = [
    { url = "https://files.pythonhosted.org/packages/6b/11/cc635220681e93a0183390e26485430ca2c7b5f9d33b15c74c2861cb8091/urllib3-2.4.0-py3-none-any.whl", hash = "sha256:4e16665048960a0900c702d4a66415956a584919c03361cac9f1df5c5dd7e813", size = 128680 },
]
